
Microsoft Visual Studio Solution File, Format Version 12.00
# Visual Studio 15
Project("{FAE04EC0-301F-11D3-BF4B-00C04F79EFBC}") = "BetterActivateSprinklers", "BetterActivateSprinklers.csproj", "{C0ABF41B-C80B-42F6-B319-0EFAF6964F7A}"
EndProject
Global
	GlobalSection(SolutionConfigurationPlatforms) = preSolution
		Debug|Any CPU = Debug|Any CPU
		Release|Any CPU = Release|Any CPU
	EndGlobalSection
	GlobalSection(ProjectConfigurationPlatforms) = postSolution
		{C0ABF41B-C80B-42F6-B319-0EFAF6964F7A}.Debug|Any CPU.ActiveCfg = Debug|Any CPU
		{C0ABF41B-C80B-42F6-B319-0EFAF6964F7A}.Debug|Any CPU.Build.0 = Debug|Any CPU
		{C0ABF41B-C80B-42F6-B319-0EFAF6964F7A}.Release|Any CPU.ActiveCfg = Release|Any CPU
		{C0ABF41B-C80B-42F6-B319-0EFAF6964F7A}.Release|Any CPU.Build.0 = Release|Any CPU
	EndGlobalSection
	GlobalSection(MonoDevelopProperties) = preSolution
		Policies = $0
		$0.DotNetNamingPolicy = $1
		$1.DirectoryNamespaceAssociation = PrefixedHierarchical
		$0.StandardHeader = $2
	EndGlobalSection
EndGlobal
